
Microsoft Visual Studio Solution File, Format Version 12.00
# Visual Studio Version 17
VisualStudioVersion = 17.0.31903.59
MinimumVisualStudioVersion = 10.0.40219.1
Project("{FAE04EC0-301F-11D3-BF4B-00C04F79EFBC}") = "CheesecakeOrders.Web", "CheesecakeOrders.Web\CheesecakeOrders.Web.csproj", "{F733FE5D-11A5-445E-8EE2-980042A15DDD}"
EndProject
Project("{FAE04EC0-301F-11D3-BF4B-00C04F79EFBC}") = "CheesecakeOrders.Data", "CheesecakeOrders.Data\CheesecakeOrders.Data.csproj", "{EDF5F538-D5E9-4893-9248-79C427ED4BAE}"
EndProject
Global
	GlobalSection(SolutionConfigurationPlatforms) = preSolution
		Debug|Any CPU = Debug|Any CPU
		Release|Any CPU = Release|Any CPU
	EndGlobalSection
	GlobalSection(SolutionProperties) = preSolution
		HideSolutionNode = FALSE
	EndGlobalSection
	GlobalSection(ProjectConfigurationPlatforms) = postSolution
		{F733FE5D-11A5-445E-8EE2-980042A15DDD}.Debug|Any CPU.ActiveCfg = Debug|Any CPU
		{F733FE5D-11A5-445E-8EE2-980042A15DDD}.Debug|Any CPU.Build.0 = Debug|Any CPU
		{F733FE5D-11A5-445E-8EE2-980042A15DDD}.Release|Any CPU.ActiveCfg = Release|Any CPU
		{F733FE5D-11A5-445E-8EE2-980042A15DDD}.Release|Any CPU.Build.0 = Release|Any CPU
		{EDF5F538-D5E9-4893-9248-79C427ED4BAE}.Debug|Any CPU.ActiveCfg = Debug|Any CPU
		{EDF5F538-D5E9-4893-9248-79C427ED4BAE}.Debug|Any CPU.Build.0 = Debug|Any CPU
		{EDF5F538-D5E9-4893-9248-79C427ED4BAE}.Release|Any CPU.ActiveCfg = Release|Any CPU
		{EDF5F538-D5E9-4893-9248-79C427ED4BAE}.Release|Any CPU.Build.0 = Release|Any CPU
	EndGlobalSection
EndGlobal
